# This file is automatically @generated by Cargo.
# It is not intended for manual editing.
version = 4

[[package]]
name = "chess"
version = "0.1.0"
source = "git+https://github.com/INDA26PlusPlus/datrigel-chess.git#e784e82e89c72e7fdf2609d5e585b4d5ca94ad7a"

[[package]]
name = "zilian-GUI"
version = "0.1.0"
dependencies = [
 "chess",
]
