# This file is automatically @generated by Cargo.
# It is not intended for manual editing.
version = 4

[[package]]
name = "chess"
version = "0.1.0"
source = "git+https://github.com/INDA26PlusPlus/datrigel-chess.git#c06b7bf046d54cf4a1b34ac8d82e7ceca7931399"

[[package]]
name = "zilian-GUI"
version = "0.1.0"
dependencies = [
 "chess",
]
